
Microsoft Visual Studio Solution File, Format Version 12.00
# Visual Studio Version 17
VisualStudioVersion = 17.7.34003.232
MinimumVisualStudioVersion = 10.0.40219.1
Project("{FAE04EC0-301F-11D3-BF4B-00C04F79EFBC}") = "first gui", "first gui.csproj", "{0639BC75-4912-49D3-B6FA-2132DC546D0F}"
EndProject
Global
	GlobalSection(SolutionConfigurationPlatforms) = preSolution
		Debug|Any CPU = Debug|Any CPU
		Release|Any CPU = Release|Any CPU
	EndGlobalSection
	GlobalSection(ProjectConfigurationPlatforms) = postSolution
		{0639BC75-4912-49D3-B6FA-2132DC546D0F}.Debug|Any CPU.ActiveCfg = Debug|Any CPU
		{0639BC75-4912-49D3-B6FA-2132DC546D0F}.Debug|Any CPU.Build.0 = Debug|Any CPU
		{0639BC75-4912-49D3-B6FA-2132DC546D0F}.Release|Any CPU.ActiveCfg = Release|Any CPU
		{0639BC75-4912-49D3-B6FA-2132DC546D0F}.Release|Any CPU.Build.0 = Release|Any CPU
	EndGlobalSection
	GlobalSection(SolutionProperties) = preSolution
		HideSolutionNode = FALSE
	EndGlobalSection
	GlobalSection(ExtensibilityGlobals) = postSolution
		SolutionGuid = {6D63A6BD-3AE9-4586-8C68-33E859BF9844}
	EndGlobalSection
EndGlobal
